
Microsoft Visual Studio Solution File, Format Version 12.00
# Visual Studio 15
Project("{FAE04EC0-301F-11D3-BF4B-00C04F79EFBC}") = "Assembly-CSharp", "Assembly-CSharp.csproj", "{49FD1F9D-7125-301D-9BB2-8166F9EFF7DC}"
EndProject
Project("{FAE04EC0-301F-11D3-BF4B-00C04F79EFBC}") = "DELTation.ToonShader", "DELTation.ToonShader.csproj", "{6189C88D-46E8-FB70-3589-8CCFD55E9FCC}"
EndProject
Project("{FAE04EC0-301F-11D3-BF4B-00C04F79EFBC}") = "MK.Toon", "MK.Toon.csproj", "{8BC82F2E-A5CE-9C6C-0A95-3A0CBD1D0E98}"
EndProject
Project("{FAE04EC0-301F-11D3-BF4B-00C04F79EFBC}") = "MK.Toon.Editor", "MK.Toon.Editor.csproj", "{DC87FA64-00C1-45D3-536A-2430C99B1B82}"
EndProject
Project("{FAE04EC0-301F-11D3-BF4B-00C04F79EFBC}") = "Assembly-CSharp-Editor", "Assembly-CSharp-Editor.csproj", "{5DC30028-53F8-7B49-4664-967A25391F02}"
EndProject
Project("{FAE04EC0-301F-11D3-BF4B-00C04F79EFBC}") = "MK.RampCreator", "MK.RampCreator.csproj", "{FAE426E6-7BFA-6DB8-609C-7D7F47427C12}"
EndProject
Project("{FAE04EC0-301F-11D3-BF4B-00C04F79EFBC}") = "DELTation.ToonShader.Editor", "DELTation.ToonShader.Editor.csproj", "{4ECE0DC1-FBFC-C86C-BF41-5F0DE599794D}"
EndProject
Project("{FAE04EC0-301F-11D3-BF4B-00C04F79EFBC}") = "MK.MKTextureChannelPacker", "MK.MKTextureChannelPacker.csproj", "{D359F460-5A66-A0C6-B7F5-60851EB914E2}"
EndProject
Project("{FAE04EC0-301F-11D3-BF4B-00C04F79EFBC}") = "MK.MeshUtility", "MK.MeshUtility.csproj", "{6DCE37D2-AEF1-191A-1951-2AA6ACE86667}"
EndProject
Global
	GlobalSection(SolutionConfigurationPlatforms) = preSolution
		Debug|Any CPU = Debug|Any CPU
		Release|Any CPU = Release|Any CPU
	EndGlobalSection
	GlobalSection(ProjectConfigurationPlatforms) = postSolution
		{49FD1F9D-7125-301D-9BB2-8166F9EFF7DC}.Debug|Any CPU.ActiveCfg = Debug|Any CPU
		{49FD1F9D-7125-301D-9BB2-8166F9EFF7DC}.Debug|Any CPU.Build.0 = Debug|Any CPU
		{49FD1F9D-7125-301D-9BB2-8166F9EFF7DC}.Release|Any CPU.ActiveCfg = Release|Any CPU
		{49FD1F9D-7125-301D-9BB2-8166F9EFF7DC}.Release|Any CPU.Build.0 = Release|Any CPU
		{6189C88D-46E8-FB70-3589-8CCFD55E9FCC}.Debug|Any CPU.ActiveCfg = Debug|Any CPU
		{6189C88D-46E8-FB70-3589-8CCFD55E9FCC}.Debug|Any CPU.Build.0 = Debug|Any CPU
		{6189C88D-46E8-FB70-3589-8CCFD55E9FCC}.Release|Any CPU.ActiveCfg = Release|Any CPU
		{6189C88D-46E8-FB70-3589-8CCFD55E9FCC}.Release|Any CPU.Build.0 = Release|Any CPU
		{8BC82F2E-A5CE-9C6C-0A95-3A0CBD1D0E98}.Debug|Any CPU.ActiveCfg = Debug|Any CPU
		{8BC82F2E-A5CE-9C6C-0A95-3A0CBD1D0E98}.Debug|Any CPU.Build.0 = Debug|Any CPU
		{8BC82F2E-A5CE-9C6C-0A95-3A0CBD1D0E98}.Release|Any CPU.ActiveCfg = Release|Any CPU
		{8BC82F2E-A5CE-9C6C-0A95-3A0CBD1D0E98}.Release|Any CPU.Build.0 = Release|Any CPU
		{DC87FA64-00C1-45D3-536A-2430C99B1B82}.Debug|Any CPU.ActiveCfg = Debug|Any CPU
		{DC87FA64-00C1-45D3-536A-2430C99B1B82}.Debug|Any CPU.Build.0 = Debug|Any CPU
		{DC87FA64-00C1-45D3-536A-2430C99B1B82}.Release|Any CPU.ActiveCfg = Release|Any CPU
		{DC87FA64-00C1-45D3-536A-2430C99B1B82}.Release|Any CPU.Build.0 = Release|Any CPU
		{5DC30028-53F8-7B49-4664-967A25391F02}.Debug|Any CPU.ActiveCfg = Debug|Any CPU
		{5DC30028-53F8-7B49-4664-967A25391F02}.Debug|Any CPU.Build.0 = Debug|Any CPU
		{5DC30028-53F8-7B49-4664-967A25391F02}.Release|Any CPU.ActiveCfg = Release|Any CPU
		{5DC30028-53F8-7B49-4664-967A25391F02}.Release|Any CPU.Build.0 = Release|Any CPU
		{FAE426E6-7BFA-6DB8-609C-7D7F47427C12}.Debug|Any CPU.ActiveCfg = Debug|Any CPU
		{FAE426E6-7BFA-6DB8-609C-7D7F47427C12}.Debug|Any CPU.Build.0 = Debug|Any CPU
		{FAE426E6-7BFA-6DB8-609C-7D7F47427C12}.Release|Any CPU.ActiveCfg = Release|Any CPU
		{FAE426E6-7BFA-6DB8-609C-7D7F47427C12}.Release|Any CPU.Build.0 = Release|Any CPU
		{4ECE0DC1-FBFC-C86C-BF41-5F0DE599794D}.Debug|Any CPU.ActiveCfg = Debug|Any CPU
		{4ECE0DC1-FBFC-C86C-BF41-5F0DE599794D}.Debug|Any CPU.Build.0 = Debug|Any CPU
		{4ECE0DC1-FBFC-C86C-BF41-5F0DE599794D}.Release|Any CPU.ActiveCfg = Release|Any CPU
		{4ECE0DC1-FBFC-C86C-BF41-5F0DE599794D}.Release|Any CPU.Build.0 = Release|Any CPU
		{D359F460-5A66-A0C6-B7F5-60851EB914E2}.Debug|Any CPU.ActiveCfg = Debug|Any CPU
		{D359F460-5A66-A0C6-B7F5-60851EB914E2}.Debug|Any CPU.Build.0 = Debug|Any CPU
		{D359F460-5A66-A0C6-B7F5-60851EB914E2}.Release|Any CPU.ActiveCfg = Release|Any CPU
		{D359F460-5A66-A0C6-B7F5-60851EB914E2}.Release|Any CPU.Build.0 = Release|Any CPU
		{6DCE37D2-AEF1-191A-1951-2AA6ACE86667}.Debug|Any CPU.ActiveCfg = Debug|Any CPU
		{6DCE37D2-AEF1-191A-1951-2AA6ACE86667}.Debug|Any CPU.Build.0 = Debug|Any CPU
		{6DCE37D2-AEF1-191A-1951-2AA6ACE86667}.Release|Any CPU.ActiveCfg = Release|Any CPU
		{6DCE37D2-AEF1-191A-1951-2AA6ACE86667}.Release|Any CPU.Build.0 = Release|Any CPU
	EndGlobalSection
	GlobalSection(SolutionProperties) = preSolution
		HideSolutionNode = FALSE
	EndGlobalSection
EndGlobal
